// !$*UTF8*$!
{
	archiveVersion = 1;
	classes = {
	};
	objectVersion = 46;
	objects = {

/* Begin PBXBuildFile section */
		031827D9225E4C6900647A06 /* RNSound.m in Sources */ = {isa = PBXBuildFile; fileRef = 19825A231BD4A89800EE0337 /* RNSound.m */; };
		031827DC225E4C6900647A06 /* RNSound.h in CopyFiles */ = {isa = PBXBuildFile; fileRef = 19825A211BD4A89800EE0337 /* RNSound.h */; };
		03182865225E580F00647A06 /* libcxxreact.a in Frameworks */ = {isa = PBXBuildFile; fileRef = 0318284E225E580200647A06 /* libcxxreact.a */; };
		03182866225E580F00647A06 /* libReact.a in Frameworks */ = {isa = PBXBuildFile; fileRef = 03182846225E580200647A06 /* libReact.a */; };
		19825A221BD4A89800EE0337 /* RNSound.h in CopyFiles */ = {isa = PBXBuildFile; fileRef = 19825A211BD4A89800EE0337 /* RNSound.h */; };
		19825A241BD4A89800EE0337 /* RNSound.m in Sources */ = {isa = PBXBuildFile; fileRef = 19825A231BD4A89800EE0337 /* RNSound.m */; };
/* End PBXBuildFile section */

/* Begin PBXContainerItemProxy section */
		03182845225E580200647A06 /* PBXContainerItemProxy */ = {
			isa = PBXContainerItemProxy;
			containerPortal = 031827FB225E503700647A06 /* React.xcodeproj */;
			proxyType = 2;
			remoteGlobalIDString = 83CBBA2E1A601D0E00E9B192;
			remoteInfo = React;
		};
		03182847225E580200647A06 /* PBXContainerItemProxy */ = {
			isa = PBXContainerItemProxy;
			containerPortal = 031827FB225E503700647A06 /* React.xcodeproj */;
			proxyType = 2;
			remoteGlobalIDString = 2D2A28131D9B038B00D4039D;
			remoteInfo = "React-tvOS";
		};
		03182849225E580200647A06 /* PBXContainerItemProxy */ = {
			isa = PBXContainerItemProxy;
			containerPortal = 031827FB225E503700647A06 /* React.xcodeproj */;
			proxyType = 2;
			remoteGlobalIDString = 3D3C059A1DE3340900C268FA;
			remoteInfo = yoga;
		};
		0318284B225E580200647A06 /* PBXContainerItemProxy */ = {
			isa = PBXContainerItemProxy;
			containerPortal = 031827FB225E503700647A06 /* React.xcodeproj */;
			proxyType = 2;
			remoteGlobalIDString = 3D3C06751DE3340C00C268FA;
			remoteInfo = "yoga-tvOS";
		};
		0318284D225E580200647A06 /* PBXContainerItemProxy */ = {
			isa = PBXContainerItemProxy;
			containerPortal = 031827FB225E503700647A06 /* React.xcodeproj */;
			proxyType = 2;
			remoteGlobalIDString = 3D3CD9251DE5FBEC00167DC4;
			remoteInfo = cxxreact;
		};
		0318284F225E580200647A06 /* PBXContainerItemProxy */ = {
			isa = PBXContainerItemProxy;
			containerPortal = 031827FB225E503700647A06 /* React.xcodeproj */;
			proxyType = 2;
			remoteGlobalIDString = 3D3CD9321DE5FBEE00167DC4;
			remoteInfo = "cxxreact-tvOS";
		};
		03182851225E580200647A06 /* PBXContainerItemProxy */ = {
			isa = PBXContainerItemProxy;
			containerPortal = 031827FB225E503700647A06 /* React.xcodeproj */;
			proxyType = 2;
			remoteGlobalIDString = EBF21BDC1FC498900052F4D5;
			remoteInfo = jsinspector;
		};
		03182853225E580200647A06 /* PBXContainerItemProxy */ = {
			isa = PBXContainerItemProxy;
			containerPortal = 031827FB225E503700647A06 /* React.xcodeproj */;
			proxyType = 2;
			remoteGlobalIDString = EBF21BFA1FC4989A0052F4D5;
			remoteInfo = "jsinspector-tvOS";
		};
		03182855225E580200647A06 /* PBXContainerItemProxy */ = {
			isa = PBXContainerItemProxy;
			containerPortal = 031827FB225E503700647A06 /* React.xcodeproj */;
			proxyType = 2;
			remoteGlobalIDString = 139D7ECE1E25DB7D00323FB7;
			remoteInfo = "third-party";
		};
		03182857225E580200647A06 /* PBXContainerItemProxy */ = {
			isa = PBXContainerItemProxy;
			containerPortal = 031827FB225E503700647A06 /* React.xcodeproj */;
			proxyType = 2;
			remoteGlobalIDString = 3D383D3C1EBD27B6005632C8;
			remoteInfo = "third-party-tvOS";
		};
		03182859225E580200647A06 /* PBXContainerItemProxy */ = {
			isa = PBXContainerItemProxy;
			containerPortal = 031827FB225E503700647A06 /* React.xcodeproj */;
			proxyType = 2;
			remoteGlobalIDString = 139D7E881E25C6D100323FB7;
			remoteInfo = "double-conversion";
		};
		0318285B225E580200647A06 /* PBXContainerItemProxy */ = {
			isa = PBXContainerItemProxy;
			containerPortal = 031827FB225E503700647A06 /* React.xcodeproj */;
			proxyType = 2;
			remoteGlobalIDString = 3D383D621EBD27B9005632C8;
			remoteInfo = "double-conversion-tvOS";
		};
		0318285D225E580200647A06 /* PBXContainerItemProxy */ = {
			isa = PBXContainerItemProxy;
			containerPortal = 031827FB225E503700647A06 /* React.xcodeproj */;
			proxyType = 2;
			remoteGlobalIDString = EDEBC6D6214B3E7000DD5AC8;
			remoteInfo = jsi;
		};
		0318285F225E580200647A06 /* PBXContainerItemProxy */ = {
			isa = PBXContainerItemProxy;
			containerPortal = 031827FB225E503700647A06 /* React.xcodeproj */;
			proxyType = 2;
			remoteGlobalIDString = EDEBC73B214B45A300DD5AC8;
			remoteInfo = jsiexecutor;
		};
		03182861225E580200647A06 /* PBXContainerItemProxy */ = {
			isa = PBXContainerItemProxy;
			containerPortal = 031827FB225E503700647A06 /* React.xcodeproj */;
			proxyType = 2;
			remoteGlobalIDString = ED296FB6214C9A0900B7C4FE;
			remoteInfo = "jsi-tvOS";
		};
		03182863225E580200647A06 /* PBXContainerItemProxy */ = {
			isa = PBXContainerItemProxy;
			containerPortal = 031827FB225E503700647A06 /* React.xcodeproj */;
			proxyType = 2;
			remoteGlobalIDString = ED296FEE214C9CF800B7C4FE;
			remoteInfo = "jsiexecutor-tvOS";
		};
/* End PBXContainerItemProxy section */

/* Begin PBXCopyFilesBuildPhase section */
		031827DB225E4C6900647A06 /* CopyFiles */ = {
			isa = PBXCopyFilesBuildPhase;
			buildActionMask = 2147483647;
			dstPath = "include/$(PRODUCT_NAME)";
			dstSubfolderSpec = 16;
			files = (
				031827DC225E4C6900647A06 /* RNSound.h in CopyFiles */,
			);
			runOnlyForDeploymentPostprocessing = 0;
		};
		19825A1C1BD4A89800EE0337 /* CopyFiles */ = {
			isa = PBXCopyFilesBuildPhase;
			buildActionMask = 2147483647;
			dstPath = "include/$(PRODUCT_NAME)";
			dstSubfolderSpec = 16;
			files = (
				19825A221BD4A89800EE0337 /* RNSound.h in CopyFiles */,
			);
			runOnlyForDeploymentPostprocessing = 0;
		};
/* End PBXCopyFilesBuildPhase section */

/* Begin PBXFileReference section */
		031827E0225E4C6900647A06 /* libRNSoundDev.a */ = {isa = PBXFileReference; explicitFileType = archive.ar; includeInIndex = 0; path = libRNSoundDev.a; sourceTree = BUILT_PRODUCTS_DIR; };
		031827FB225E503700647A06 /* React.xcodeproj */ = {isa = PBXFileReference; lastKnownFileType = "wrapper.pb-project"; name = React.xcodeproj; path = "../node_modules/react-native/React/React.xcodeproj"; sourceTree = "<group>"; };
		19825A1E1BD4A89800EE0337 /* libRNSound.a */ = {isa = PBXFileReference; explicitFileType = archive.ar; includeInIndex = 0; path = libRNSound.a; sourceTree = BUILT_PRODUCTS_DIR; };
		19825A211BD4A89800EE0337 /* RNSound.h */ = {isa = PBXFileReference; lastKnownFileType = sourcecode.c.h; path = RNSound.h; sourceTree = "<group>"; };
		19825A231BD4A89800EE0337 /* RNSound.m */ = {isa = PBXFileReference; lastKnownFileType = sourcecode.c.objc; path = RNSound.m; sourceTree = "<group>"; };
/* End PBXFileReference section */

/* Begin PBXFrameworksBuildPhase section */
		031827DA225E4C6900647A06 /* Frameworks */ = {
			isa = PBXFrameworksBuildPhase;
			buildActionMask = 2147483647;
			files = (
				03182866225E580F00647A06 /* libReact.a in Frameworks */,
				03182865225E580F00647A06 /* libcxxreact.a in Frameworks */,
			);
			runOnlyForDeploymentPostprocessing = 0;
		};
		19825A1B1BD4A89800EE0337 /* Frameworks */ = {
			isa = PBXFrameworksBuildPhase;
			buildActionMask = 2147483647;
			files = (
			);
			runOnlyForDeploymentPostprocessing = 0;
		};
/* End PBXFrameworksBuildPhase section */

/* Begin PBXGroup section */
		0318282E225E50A100647A06 /* Frameworks */ = {
			isa = PBXGroup;
			children = (
			);
			name = Frameworks;
			sourceTree = "<group>";
		};
		03182832225E57FC00647A06 /* Libraries */ = {
			isa = PBXGroup;
			children = (
				031827FB225E503700647A06 /* React.xcodeproj */,
			);
			name = Libraries;
			sourceTree = "<group>";
		};
		03182833225E580200647A06 /* Products */ = {
			isa = PBXGroup;
			children = (
				03182846225E580200647A06 /* libReact.a */,
				03182848225E580200647A06 /* libReact.a */,
				0318284A225E580200647A06 /* libyoga.a */,
				0318284C225E580200647A06 /* libyoga.a */,
				0318284E225E580200647A06 /* libcxxreact.a */,
				03182850225E580200647A06 /* libcxxreact.a */,
				03182852225E580200647A06 /* libjsinspector.a */,
				03182854225E580200647A06 /* libjsinspector-tvOS.a */,
				03182856225E580200647A06 /* libthird-party.a */,
				03182858225E580200647A06 /* libthird-party.a */,
				0318285A225E580200647A06 /* libdouble-conversion.a */,
				0318285C225E580200647A06 /* libdouble-conversion.a */,
				0318285E225E580200647A06 /* libjsi.a */,
				03182860225E580200647A06 /* libjsiexecutor.a */,
				03182862225E580200647A06 /* libjsi-tvOS.a */,
				03182864225E580200647A06 /* libjsiexecutor-tvOS.a */,
			);
			name = Products;
			sourceTree = "<group>";
		};
		19825A151BD4A89800EE0337 = {
			isa = PBXGroup;
			children = (
				03182832225E57FC00647A06 /* Libraries */,
				19825A201BD4A89800EE0337 /* RNSound */,
				19825A1F1BD4A89800EE0337 /* Products */,
				0318282E225E50A100647A06 /* Frameworks */,
			);
			sourceTree = "<group>";
		};
		19825A1F1BD4A89800EE0337 /* Products */ = {
			isa = PBXGroup;
			children = (
				19825A1E1BD4A89800EE0337 /* libRNSound.a */,
				031827E0225E4C6900647A06 /* libRNSoundDev.a */,
			);
			name = Products;
			sourceTree = "<group>";
		};
		19825A201BD4A89800EE0337 /* RNSound */ = {
			isa = PBXGroup;
			children = (
				19825A211BD4A89800EE0337 /* RNSound.h */,
				19825A231BD4A89800EE0337 /* RNSound.m */,
			);
			path = RNSound;
			sourceTree = "<group>";
		};
/* End PBXGroup section */

/* Begin PBXNativeTarget section */
		031827D7225E4C6900647A06 /* RNSoundDev */ = {
			isa = PBXNativeTarget;
			buildConfigurationList = 031827DD225E4C6900647A06 /* Build configuration list for PBXNativeTarget "RNSoundDev" */;
			buildPhases = (
				031827D8225E4C6900647A06 /* Sources */,
				031827DA225E4C6900647A06 /* Frameworks */,
				031827DB225E4C6900647A06 /* CopyFiles */,
			);
			buildRules = (
			);
			dependencies = (
			);
			name = RNSoundDev;
			productName = RNSound;
			productReference = 031827E0225E4C6900647A06 /* libRNSoundDev.a */;
			productType = "com.apple.product-type.library.static";
		};
		19825A1D1BD4A89800EE0337 /* RNSound */ = {
			isa = PBXNativeTarget;
			buildConfigurationList = 19825A271BD4A89800EE0337 /* Build configuration list for PBXNativeTarget "RNSound" */;
			buildPhases = (
				19825A1A1BD4A89800EE0337 /* Sources */,
				19825A1B1BD4A89800EE0337 /* Frameworks */,
				19825A1C1BD4A89800EE0337 /* CopyFiles */,
			);
			buildRules = (
			);
			dependencies = (
			);
			name = RNSound;
			productName = RNSound;
			productReference = 19825A1E1BD4A89800EE0337 /* libRNSound.a */;
			productType = "com.apple.product-type.library.static";
		};
/* End PBXNativeTarget section */

/* Begin PBXProject section */
		19825A161BD4A89800EE0337 /* Project object */ = {
			isa = PBXProject;
			attributes = {
				LastUpgradeCheck = 0700;
				ORGANIZATIONNAME = zmxv;
				TargetAttributes = {
					19825A1D1BD4A89800EE0337 = {
						CreatedOnToolsVersion = 7.0.1;
					};
				};
			};
			buildConfigurationList = 19825A191BD4A89800EE0337 /* Build configuration list for PBXProject "RNSound" */;
			compatibilityVersion = "Xcode 3.2";
			developmentRegion = English;
			hasScannedForEncodings = 0;
			knownRegions = (
				English,
				en,
			);
			mainGroup = 19825A151BD4A89800EE0337;
			productRefGroup = 19825A1F1BD4A89800EE0337 /* Products */;
			projectDirPath = "";
			projectReferences = (
				{
					ProductGroup = 03182833225E580200647A06 /* Products */;
					ProjectRef = 031827FB225E503700647A06 /* React.xcodeproj */;
				},
			);
			projectRoot = "";
			targets = (
				19825A1D1BD4A89800EE0337 /* RNSound */,
				031827D7225E4C6900647A06 /* RNSoundDev */,
			);
		};
/* End PBXProject section */

/* Begin PBXReferenceProxy section */
		03182846225E580200647A06 /* libReact.a */ = {
			isa = PBXReferenceProxy;
			fileType = archive.ar;
			path = libReact.a;
			remoteRef = 03182845225E580200647A06 /* PBXContainerItemProxy */;
			sourceTree = BUILT_PRODUCTS_DIR;
		};
		03182848225E580200647A06 /* libReact.a */ = {
			isa = PBXReferenceProxy;
			fileType = archive.ar;
			path = libReact.a;
			remoteRef = 03182847225E580200647A06 /* PBXContainerItemProxy */;
			sourceTree = BUILT_PRODUCTS_DIR;
		};
		0318284A225E580200647A06 /* libyoga.a */ = {
			isa = PBXReferenceProxy;
			fileType = archive.ar;
			path = libyoga.a;
			remoteRef = 03182849225E580200647A06 /* PBXContainerItemProxy */;
			sourceTree = BUILT_PRODUCTS_DIR;
		};
		0318284C225E580200647A06 /* libyoga.a */ = {
			isa = PBXReferenceProxy;
			fileType = archive.ar;
			path = libyoga.a;
			remoteRef = 0318284B225E580200647A06 /* PBXContainerItemProxy */;
			sourceTree = BUILT_PRODUCTS_DIR;
		};
		0318284E225E580200647A06 /* libcxxreact.a */ = {
			isa = PBXReferenceProxy;
			fileType = archive.ar;
			path = libcxxreact.a;
			remoteRef = 0318284D225E580200647A06 /* PBXContainerItemProxy */;
			sourceTree = BUILT_PRODUCTS_DIR;
		};
		03182850225E580200647A06 /* libcxxreact.a */ = {
			isa = PBXReferenceProxy;
			fileType = archive.ar;
			path = libcxxreact.a;
			remoteRef = 0318284F225E580200647A06 /* PBXContainerItemProxy */;
			sourceTree = BUILT_PRODUCTS_DIR;
		};
		03182852225E580200647A06 /* libjsinspector.a */ = {
			isa = PBXReferenceProxy;
			fileType = archive.ar;
			path = libjsinspector.a;
			remoteRef = 03182851225E580200647A06 /* PBXContainerItemProxy */;
			sourceTree = BUILT_PRODUCTS_DIR;
		};
		03182854225E580200647A06 /* libjsinspector-tvOS.a */ = {
			isa = PBXReferenceProxy;
			fileType = archive.ar;
			path = "libjsinspector-tvOS.a";
			remoteRef = 03182853225E580200647A06 /* PBXContainerItemProxy */;
			sourceTree = BUILT_PRODUCTS_DIR;
		};
		03182856225E580200647A06 /* libthird-party.a */ = {
			isa = PBXReferenceProxy;
			fileType = archive.ar;
			path = "libthird-party.a";
			remoteRef = 03182855225E580200647A06 /* PBXContainerItemProxy */;
			sourceTree = BUILT_PRODUCTS_DIR;
		};
		03182858225E580200647A06 /* libthird-party.a */ = {
			isa = PBXReferenceProxy;
			fileType = archive.ar;
			path = "libthird-party.a";
			remoteRef = 03182857225E580200647A06 /* PBXContainerItemProxy */;
			sourceTree = BUILT_PRODUCTS_DIR;
		};
		0318285A225E580200647A06 /* libdouble-conversion.a */ = {
			isa = PBXReferenceProxy;
			fileType = archive.ar;
			path = "libdouble-conversion.a";
			remoteRef = 03182859225E580200647A06 /* PBXContainerItemProxy */;
			sourceTree = BUILT_PRODUCTS_DIR;
		};
		0318285C225E580200647A06 /* libdouble-conversion.a */ = {
			isa = PBXReferenceProxy;
			fileType = archive.ar;
			path = "libdouble-conversion.a";
			remoteRef = 0318285B225E580200647A06 /* PBXContainerItemProxy */;
			sourceTree = BUILT_PRODUCTS_DIR;
		};
		0318285E225E580200647A06 /* libjsi.a */ = {
			isa = PBXReferenceProxy;
			fileType = archive.ar;
			path = libjsi.a;
			remoteRef = 0318285D225E580200647A06 /* PBXContainerItemProxy */;
			sourceTree = BUILT_PRODUCTS_DIR;
		};
		03182860225E580200647A06 /* libjsiexecutor.a */ = {
			isa = PBXReferenceProxy;
			fileType = archive.ar;
			path = libjsiexecutor.a;
			remoteRef = 0318285F225E580200647A06 /* PBXContainerItemProxy */;
			sourceTree = BUILT_PRODUCTS_DIR;
		};
		03182862225E580200647A06 /* libjsi-tvOS.a */ = {
			isa = PBXReferenceProxy;
			fileType = archive.ar;
			path = "libjsi-tvOS.a";
			remoteRef = 03182861225E580200647A06 /* PBXContainerItemProxy */;
			sourceTree = BUILT_PRODUCTS_DIR;
		};
		03182864225E580200647A06 /* libjsiexecutor-tvOS.a */ = {
			isa = PBXReferenceProxy;
			fileType = archive.ar;
			path = "libjsiexecutor-tvOS.a";
			remoteRef = 03182863225E580200647A06 /* PBXContainerItemProxy */;
			sourceTree = BUILT_PRODUCTS_DIR;
		};
/* End PBXReferenceProxy section */

/* Begin PBXSourcesBuildPhase section */
		031827D8225E4C6900647A06 /* Sources */ = {
			isa = PBXSourcesBuildPhase;
			buildActionMask = 2147483647;
			files = (
				031827D9225E4C6900647A06 /* RNSound.m in Sources */,
			);
			runOnlyForDeploymentPostprocessing = 0;
		};
		19825A1A1BD4A89800EE0337 /* Sources */ = {
			isa = PBXSourcesBuildPhase;
			buildActionMask = 2147483647;
			files = (
				19825A241BD4A89800EE0337 /* RNSound.m in Sources */,
			);
			runOnlyForDeploymentPostprocessing = 0;
		};
/* End PBXSourcesBuildPhase section */

/* Begin XCBuildConfiguration section */
		031827DE225E4C6900647A06 /* Debug */ = {
			isa = XCBuildConfiguration;
			buildSettings = {
				OTHER_LDFLAGS = "-ObjC";
				PRODUCT_NAME = "$(TARGET_NAME)";
				SKIP_INSTALL = YES;
			};
			name = Debug;
		};
		031827DF225E4C6900647A06 /* Release */ = {
			isa = XCBuildConfiguration;
			buildSettings = {
				OTHER_LDFLAGS = "-ObjC";
				PRODUCT_NAME = "$(TARGET_NAME)";
				SKIP_INSTALL = YES;
			};
			name = Release;
		};
		19825A251BD4A89800EE0337 /* Debug */ = {
			isa = XCBuildConfiguration;
			buildSettings = {
				ALWAYS_SEARCH_USER_PATHS = NO;
				CLANG_CXX_LANGUAGE_STANDARD = "gnu++0x";
				CLANG_CXX_LIBRARY = "libc++";
				CLANG_ENABLE_MODULES = YES;
				CLANG_ENABLE_OBJC_ARC = YES;
				CLANG_WARN_BOOL_CONVERSION = YES;
				CLANG_WARN_CONSTANT_CONVERSION = YES;
				CLANG_WARN_DIRECT_OBJC_ISA_USAGE = YES_ERROR;
				CLANG_WARN_EMPTY_BODY = YES;
				CLANG_WARN_ENUM_CONVERSION = YES;
				CLANG_WARN_INT_CONVERSION = YES;
				CLANG_WARN_OBJC_ROOT_CLASS = YES_ERROR;
				CLANG_WARN_UNREACHABLE_CODE = YES;
				CLANG_WARN__DUPLICATE_METHOD_MATCH = YES;
				COPY_PHASE_STRIP = NO;
				DEBUG_INFORMATION_FORMAT = dwarf;
				ENABLE_STRICT_OBJC_MSGSEND = YES;
				ENABLE_TESTABILITY = YES;
				GCC_C_LANGUAGE_STANDARD = gnu99;
				GCC_DYNAMIC_NO_PIC = NO;
				GCC_NO_COMMON_BLOCKS = YES;
				GCC_OPTIMIZATION_LEVEL = 0;
				GCC_PREPROCESSOR_DEFINITIONS = (
					"DEBUG=1",
					"$(inherited)",
				);
				GCC_WARN_64_TO_32_BIT_CONVERSION = YES;
				GCC_WARN_ABOUT_RETURN_TYPE = YES_ERROR;
				GCC_WARN_UNDECLARED_SELECTOR = YES;
				GCC_WARN_UNINITIALIZED_AUTOS = YES_AGGRESSIVE;
				GCC_WARN_UNUSED_FUNCTION = YES;
				GCC_WARN_UNUSED_VARIABLE = YES;
				HEADER_SEARCH_PATHS = (
					"$(SRCROOT)/../react-native/React/**",
					"$(SRCROOT)/node_moduels/react-native/React/**",
				);
				IPHONEOS_DEPLOYMENT_TARGET = 9.0;
				MTL_ENABLE_DEBUG_INFO = YES;
				ONLY_ACTIVE_ARCH = YES;
				SDKROOT = iphoneos;
			};
			name = Debug;
		};
		19825A261BD4A89800EE0337 /* Release */ = {
			isa = XCBuildConfiguration;
			buildSettings = {
				ALWAYS_SEARCH_USER_PATHS = NO;
				CLANG_CXX_LANGUAGE_STANDARD = "gnu++0x";
				CLANG_CXX_LIBRARY = "libc++";
				CLANG_ENABLE_MODULES = YES;
				CLANG_ENABLE_OBJC_ARC = YES;
				CLANG_WARN_BOOL_CONVERSION = YES;
				CLANG_WARN_CONSTANT_CONVERSION = YES;
				CLANG_WARN_DIRECT_OBJC_ISA_USAGE = YES_ERROR;
				CLANG_WARN_EMPTY_BODY = YES;
				CLANG_WARN_ENUM_CONVERSION = YES;
				CLANG_WARN_INT_CONVERSION = YES;
				CLANG_WARN_OBJC_ROOT_CLASS = YES_ERROR;
				CLANG_WARN_UNREACHABLE_CODE = YES;
				CLANG_WARN__DUPLICATE_METHOD_MATCH = YES;
				COPY_PHASE_STRIP = NO;
				DEBUG_INFORMATION_FORMAT = "dwarf-with-dsym";
				ENABLE_NS_ASSERTIONS = NO;
				ENABLE_STRICT_OBJC_MSGSEND = YES;
				GCC_C_LANGUAGE_STANDARD = gnu99;
				GCC_NO_COMMON_BLOCKS = YES;
				GCC_WARN_64_TO_32_BIT_CONVERSION = YES;
				GCC_WARN_ABOUT_RETURN_TYPE = YES_ERROR;
				GCC_WARN_UNDECLARED_SELECTOR = YES;
				GCC_WARN_UNINITIALIZED_AUTOS = YES_AGGRESSIVE;
				GCC_WARN_UNUSED_FUNCTION = YES;
				GCC_WARN_UNUSED_VARIABLE = YES;
				HEADER_SEARCH_PATHS = (
					"$(SRCROOT)/../react-native/React/**",
					"$(SRCROOT)/node_moduels/react-native/React/**",
				);
				IPHONEOS_DEPLOYMENT_TARGET = 9.0;
				MTL_ENABLE_DEBUG_INFO = NO;
				SDKROOT = iphoneos;
				VALIDATE_PRODUCT = YES;
			};
			name = Release;
		};
		19825A281BD4A89800EE0337 /* Debug */ = {
			isa = XCBuildConfiguration;
			buildSettings = {
				OTHER_LDFLAGS = "-ObjC";
				PRODUCT_NAME = "$(TARGET_NAME)";
				SKIP_INSTALL = YES;
			};
			name = Debug;
		};
		19825A291BD4A89800EE0337 /* Release */ = {
			isa = XCBuildConfiguration;
			buildSettings = {
				OTHER_LDFLAGS = "-ObjC";
				PRODUCT_NAME = "$(TARGET_NAME)";
				SKIP_INSTALL = YES;
			};
			name = Release;
		};
/* End XCBuildConfiguration section */

/* Begin XCConfigurationList section */
		031827DD225E4C6900647A06 /* Build configuration list for PBXNativeTarget "RNSoundDev" */ = {
			isa = XCConfigurationList;
			buildConfigurations = (
				031827DE225E4C6900647A06 /* Debug */,
				031827DF225E4C6900647A06 /* Release */,
			);
			defaultConfigurationIsVisible = 0;
			defaultConfigurationName = Release;
		};
		19825A191BD4A89800EE0337 /* Build configuration list for PBXProject "RNSound" */ = {
			isa = XCConfigurationList;
			buildConfigurations = (
				19825A251BD4A89800EE0337 /* Debug */,
				19825A261BD4A89800EE0337 /* Release */,
			);
			defaultConfigurationIsVisible = 0;
			defaultConfigurationName = Release;
		};
		19825A271BD4A89800EE0337 /* Build configuration list for PBXNativeTarget "RNSound" */ = {
			isa = XCConfigurationList;
			buildConfigurations = (
				19825A281BD4A89800EE0337 /* Debug */,
				19825A291BD4A89800EE0337 /* Release */,
			);
			defaultConfigurationIsVisible = 0;
			defaultConfigurationName = Release;
		};
/* End XCConfigurationList section */
	};
	rootObject = 19825A161BD4A89800EE0337 /* Project object */;
}
